Microsoft Visual Studio Solution File, Format Version 12.00
# Visual Studio Version 17
VisualStudioVersion = 17.5.2.0
MinimumVisualStudioVersion = 10.0.40219.1
Project("{FAE04EC0-301F-11D3-BF4B-00C04F79EFBC}") = "03.07", "03.07.csproj", "{0354ED6E-4BF1-A963-9092-C9AB4A18F854}"
EndProject
Global
	GlobalSection(SolutionConfigurationPlatforms) = preSolution
		Debug|Any CPU = Debug|Any CPU
		Release|Any CPU = Release|Any CPU
	EndGlobalSection
	GlobalSection(ProjectConfigurationPlatforms) = postSolution
		{0354ED6E-4BF1-A963-9092-C9AB4A18F854}.Debug|Any CPU.ActiveCfg = Debug|Any CPU
		{0354ED6E-4BF1-A963-9092-C9AB4A18F854}.Debug|Any CPU.Build.0 = Debug|Any CPU
		{0354ED6E-4BF1-A963-9092-C9AB4A18F854}.Release|Any CPU.ActiveCfg = Release|Any CPU
		{0354ED6E-4BF1-A963-9092-C9AB4A18F854}.Release|Any CPU.Build.0 = Release|Any CPU
	EndGlobalSection
	GlobalSection(SolutionProperties) = preSolution
		HideSolutionNode = FALSE
	EndGlobalSection
	GlobalSection(ExtensibilityGlobals) = postSolution
		SolutionGuid = {26954F71-3ACD-4D6D-BF27-F15120F644B2}
	EndGlobalSection
EndGlobal
